
Microsoft Visual Studio Solution File, Format Version 12.00
# Visual Studio 14
VisualStudioVersion = 14.0.25420.1
MinimumVisualStudioVersion = 10.0.40219.1
Project("{8BB2217D-0F2D-49D1-97BC-3654ED321F3B}") = "CoderCamps_ECMAScript", "src\CoderCamps_ECMAScript\CoderCamps_ECMAScript.xproj", "{BA05242B-E86C-422F-A69E-59071035F297}"
EndProject
Global
	GlobalSection(SolutionConfigurationPlatforms) = preSolution
		Debug|Any CPU = Debug|Any CPU
		Release|Any CPU = Release|Any CPU
	EndGlobalSection
	GlobalSection(ProjectConfigurationPlatforms) = postSolution
		{BA05242B-E86C-422F-A69E-59071035F297}.Debug|Any CPU.ActiveCfg = Debug|Any CPU
		{BA05242B-E86C-422F-A69E-59071035F297}.Debug|Any CPU.Build.0 = Debug|Any CPU
		{BA05242B-E86C-422F-A69E-59071035F297}.Release|Any CPU.ActiveCfg = Release|Any CPU
		{BA05242B-E86C-422F-A69E-59071035F297}.Release|Any CPU.Build.0 = Release|Any CPU
	EndGlobalSection
	GlobalSection(SolutionProperties) = preSolution
		HideSolutionNode = FALSE
	EndGlobalSection
EndGlobal
